{
	"name": "@casual-simulation/causal-trees",
	"version": "1.3.1",
	"lockfileVersion": 1,
	"requires": true,
	"dependencies": {
		"@types/lodash": {
			"version": "4.14.123",
			"resolved": "https://registry.npmjs.org/@types/lodash/-/lodash-4.14.123.tgz",
			"integrity": "sha512-pQvPkc4Nltyx7G1Ww45OjVqUsJP4UsZm+GWJpigXgkikZqJgRm4c48g027o6tdgubWHwFRF15iFd+Y4Pmqv6+Q=="
		}
	}
}
