{
	"name": "@casual-simulation/causal-tree-client-socketio",
	"version": "1.3.0",
	"lockfileVersion": 1,
	"requires": true,
	"dependencies": {
		"rxjs": {
			"version": "6.5.1",
			"resolved": "https://registry.npmjs.org/rxjs/-/rxjs-6.5.1.tgz",
			"integrity": "sha512-y0j31WJc83wPu31vS1VlAFW5JGrnGC+j+TtGAa1fRQphy48+fDYiDmX8tjGloToEsMkxnouOg/1IzXGKkJnZMg==",
			"requires": {
				"tslib": "^1.9.0"
			},
			"dependencies": {
				"tslib": {
					"version": "1.9.3",
					"resolved": "https://registry.npmjs.org/tslib/-/tslib-1.9.3.tgz",
					"integrity": "sha512-4krF8scpejhaOgqzBEcGM7yDIEfi0/8+8zDRZhNZZ2kjmHJ4hv3zCbQWxoJGz1iw5U0Jl0nma13xzHXcncMavQ=="
				}
			}
		}
	}
}
