{
	"name": "@casual-simulation/causal-tree-server-socketio",
	"version": "1.3.12",
	"lockfileVersion": 1,
	"requires": true,
	"dependencies": {
		"@casual-simulation/causal-tree-server": {
			"version": "1.3.12",
			"resolved": "https://registry.npmjs.org/@casual-simulation/causal-tree-server/-/causal-tree-server-1.3.12.tgz",
			"integrity": "sha512-QT5wOetDBcGow9GLuhPKvYmD4PSQSi8+nZ/DURWd6Si/0YP++ORlmqc3idZlL5Gvz5gQdD0IqxkfnHAiqvxweQ==",
			"requires": {
				"@casual-simulation/causal-trees": "^1.3.12",
				"@casual-simulation/crypto": "^1.2.2",
				"rxjs": "^6.5.2"
			}
		},
		"@casual-simulation/causal-trees": {
			"version": "1.3.12",
			"resolved": "https://registry.npmjs.org/@casual-simulation/causal-trees/-/causal-trees-1.3.12.tgz",
			"integrity": "sha512-WK1X/gpy8njBNdoK5XcpWlWTBFObl+cJWllrE2TO0u/7pKiEl2HdnAKDmupc9WjAcsUhQdk554sxpGB0rYX1xQ==",
			"requires": {
				"@casual-simulation/crypto": "^1.2.2",
				"@types/base64-js": "^1.2.5",
				"@types/lodash": "^4.14.123",
				"base64-js": "^1.3.0",
				"lodash": "4.17.19",
				"rxjs": "^6.5.2"
			}
		},
		"@casual-simulation/crypto": {
			"version": "1.2.2",
			"resolved": "https://registry.npmjs.org/@casual-simulation/crypto/-/crypto-1.2.2.tgz",
			"integrity": "sha512-1UiGh28BD2HQrgodTaFC4EwEpNpVin46Y+y6dNFNXGw3jg9L5O2YstunkHrPRdwR2QsidRq6CJIHoY9uVfYvhA==",
			"requires": {
				"@types/fast-json-stable-stringify": "^2.0.0",
				"@types/scrypt-async": "^1.3.1",
				"base64-js": "^1.3.0",
				"fast-json-stable-stringify": "2.1.0",
				"hash.js": "1.1.7",
				"scrypt-js": "3.0.1",
				"tweetnacl": "1.0.3"
			}
		},
		"@casual-simulation/crypto-node": {
			"version": "1.2.2",
			"resolved": "https://registry.npmjs.org/@casual-simulation/crypto-node/-/crypto-node-1.2.2.tgz",
			"integrity": "sha512-xbrA+gUdC7dhlj06kpnMGx4xsEKFpqguxlH+pG/YcHanm8oRXxSHrsov4vEuS9w2nvAm1rjZWyqU3GKWjAoQoQ==",
			"requires": {
				"@casual-simulation/crypto": "^1.2.2",
				"@types/bn.js": "^4.11.4",
				"asn1.js": "^5.0.1",
				"bn.js": "^4.11.8"
			}
		},
		"@types/base64-js": {
			"version": "1.3.0",
			"resolved": "https://registry.npmjs.org/@types/base64-js/-/base64-js-1.3.0.tgz",
			"integrity": "sha512-ZmI0sZGAUNXUfMWboWwi4LcfpoVUYldyN6Oe0oJ5cCsHDU/LlRq8nQKPXhYLOx36QYSW9bNIb1vvRrD6K7Llgw=="
		},
		"@types/bn.js": {
			"version": "4.11.6",
			"resolved": "https://registry.npmjs.org/@types/bn.js/-/bn.js-4.11.6.tgz",
			"integrity": "sha512-pqr857jrp2kPuO9uRjZ3PwnJTjoQy+fcdxvBTvHm6dkmEL9q+hDD/2j/0ELOBPtPnS8LjCX0gI9nbl8lVkadpg==",
			"requires": {
				"@types/node": "*"
			}
		},
		"@types/fast-json-stable-stringify": {
			"version": "2.0.0",
			"resolved": "https://registry.npmjs.org/@types/fast-json-stable-stringify/-/fast-json-stable-stringify-2.0.0.tgz",
			"integrity": "sha512-mky/O83TXmGY39P1H9YbUpjV6l6voRYlufqfFCvel8l1phuy8HRjdWc1rrPuN53ITBJlbyMSV6z3niOySO5pgQ=="
		},
		"@types/lodash": {
			"version": "4.14.123",
			"resolved": "https://registry.npmjs.org/@types/lodash/-/lodash-4.14.123.tgz",
			"integrity": "sha512-pQvPkc4Nltyx7G1Ww45OjVqUsJP4UsZm+GWJpigXgkikZqJgRm4c48g027o6tdgubWHwFRF15iFd+Y4Pmqv6+Q=="
		},
		"@types/node": {
			"version": "14.14.22",
			"resolved": "https://registry.npmjs.org/@types/node/-/node-14.14.22.tgz",
			"integrity": "sha512-g+f/qj/cNcqKkc3tFqlXOYjrmZA+jNBiDzbP3kH+B+otKFqAdPgVTGP1IeKRdMml/aE69as5S4FqtxAbl+LaMw=="
		},
		"@types/scrypt-async": {
			"version": "1.3.1",
			"resolved": "https://registry.npmjs.org/@types/scrypt-async/-/scrypt-async-1.3.1.tgz",
			"integrity": "sha512-KXjhzD5zoKlX5UAc5J7++nDJlPmPi/TphvqvrV9JadF3RWxbqvI7WRM0NRRyYJwcQOAksMMrlszHTAMFWGF4sQ=="
		},
		"@types/socket.io": {
			"version": "2.1.2",
			"resolved": "https://registry.npmjs.org/@types/socket.io/-/socket.io-2.1.2.tgz",
			"integrity": "sha512-Ind+4qMNfQ62llyB4IMs1D8znMEBsMKohZBPqfBUIXqLQ9bdtWIbNTBWwtdcBWJKnokMZGcmWOOKslatni5vtA==",
			"requires": {
				"@types/node": "*"
			},
			"dependencies": {
				"@types/node": {
					"version": "11.13.7",
					"resolved": "https://registry.npmjs.org/@types/node/-/node-11.13.7.tgz",
					"integrity": "sha512-suFHr6hcA9mp8vFrZTgrmqW2ZU3mbWsryQtQlY/QvwTISCw7nw/j+bCQPPohqmskhmqa5wLNuMHTTsc+xf1MQg=="
				}
			}
		},
		"accepts": {
			"version": "1.3.7",
			"resolved": "https://registry.npmjs.org/accepts/-/accepts-1.3.7.tgz",
			"integrity": "sha512-Il80Qs2WjYlJIBNzNkK6KYqlVMTbZLXgHx2oT0pU/fjRHyEp+PEfEPY0R3WCwAGVOtauxh1hOxNgIf5bv7dQpA==",
			"requires": {
				"mime-types": "~2.1.24",
				"negotiator": "0.6.2"
			}
		},
		"after": {
			"version": "0.8.2",
			"resolved": "https://registry.npmjs.org/after/-/after-0.8.2.tgz",
			"integrity": "sha1-/ts5T58OAqqXaOcCvaI7UF+ufh8="
		},
		"arraybuffer.slice": {
			"version": "0.0.7",
			"resolved": "https://registry.npmjs.org/arraybuffer.slice/-/arraybuffer.slice-0.0.7.tgz",
			"integrity": "sha512-wGUIVQXuehL5TCqQun8OW81jGzAWycqzFF8lFp+GOM5BXLYj3bKNsYC4daB7n6XjCqxQA/qgTJ+8ANR3acjrog=="
		},
		"asn1.js": {
			"version": "5.4.1",
			"resolved": "https://registry.npmjs.org/asn1.js/-/asn1.js-5.4.1.tgz",
			"integrity": "sha512-+I//4cYPccV8LdmBLiX8CYvf9Sp3vQsrqu2QNXRcrbiWvcx/UdlFiqUJJzxRQxgsZmvhXhn4cSKeSmoFjVdupA==",
			"requires": {
				"bn.js": "^4.0.0",
				"inherits": "^2.0.1",
				"minimalistic-assert": "^1.0.0",
				"safer-buffer": "^2.1.0"
			}
		},
		"backo2": {
			"version": "1.0.2",
			"resolved": "https://registry.npmjs.org/backo2/-/backo2-1.0.2.tgz",
			"integrity": "sha1-MasayLEpNjRj41s+u2n038+6eUc="
		},
		"base64-arraybuffer": {
			"version": "0.1.4",
			"resolved": "https://registry.npmjs.org/base64-arraybuffer/-/base64-arraybuffer-0.1.4.tgz",
			"integrity": "sha1-mBjHngWbE1X5fgQooBfIOOkLqBI="
		},
		"base64-js": {
			"version": "1.5.1",
			"resolved": "https://registry.npmjs.org/base64-js/-/base64-js-1.5.1.tgz",
			"integrity": "sha512-AKpaYlHn8t4SVbOHCy+b5+KKgvR4vrsD8vbvrbiQJps7fKDTkjkDry6ji0rUJjC0kzbNePLwzxq8iypo41qeWA=="
		},
		"base64id": {
			"version": "2.0.0",
			"resolved": "https://registry.npmjs.org/base64id/-/base64id-2.0.0.tgz",
			"integrity": "sha512-lGe34o6EHj9y3Kts9R4ZYs/Gr+6N7MCaMlIFA3F1R2O5/m7K06AxfSeO5530PEERE6/WyEg3lsuyw4GHlPZHog=="
		},
		"blob": {
			"version": "0.0.5",
			"resolved": "https://registry.npmjs.org/blob/-/blob-0.0.5.tgz",
			"integrity": "sha512-gaqbzQPqOoamawKg0LGVd7SzLgXS+JH61oWprSLH+P+abTczqJbhTR8CmJ2u9/bUYNmHTGJx/UEmn6doAvvuig=="
		},
		"bn.js": {
			"version": "4.11.9",
			"resolved": "https://registry.npmjs.org/bn.js/-/bn.js-4.11.9.tgz",
			"integrity": "sha512-E6QoYqCKZfgatHTdHzs1RRKP7ip4vvm+EyRUeE2RF0NblwVvb0p6jSVeNTOFxPn26QXN2o6SMfNxKp6kU8zQaw=="
		},
		"component-bind": {
			"version": "1.0.0",
			"resolved": "https://registry.npmjs.org/component-bind/-/component-bind-1.0.0.tgz",
			"integrity": "sha1-AMYIq33Nk4l8AAllGx06jh5zu9E="
		},
		"component-emitter": {
			"version": "1.3.0",
			"resolved": "https://registry.npmjs.org/component-emitter/-/component-emitter-1.3.0.tgz",
			"integrity": "sha512-Rd3se6QB+sO1TwqZjscQrurpEPIfO0/yYnSin6Q/rD3mOutHvUrCAhJub3r90uNb+SESBuE0QYoB90YdfatsRg=="
		},
		"component-inherit": {
			"version": "0.0.3",
			"resolved": "https://registry.npmjs.org/component-inherit/-/component-inherit-0.0.3.tgz",
			"integrity": "sha1-ZF/ErfWLcrZJ1crmUTVhnbJv8UM="
		},
		"cookie": {
			"version": "0.4.1",
			"resolved": "https://registry.npmjs.org/cookie/-/cookie-0.4.1.tgz",
			"integrity": "sha512-ZwrFkGJxUR3EIoXtO+yVE69Eb7KlixbaeAWfBQB9vVsNn/o+Yw69gBWSSDK825hQNdN+wF8zELf3dFNl/kxkUA=="
		},
		"debug": {
			"version": "4.1.1",
			"resolved": "https://registry.npmjs.org/debug/-/debug-4.1.1.tgz",
			"integrity": "sha512-pYAIzeRo8J6KPEaJ0VWOh5Pzkbw/RetuzehGM7QRRX5he4fPHx2rdKMB256ehJCkX+XRQm16eZLqLNS8RSZXZw==",
			"requires": {
				"ms": "^2.1.1"
			}
		},
		"engine.io": {
			"version": "3.5.0",
			"resolved": "https://registry.npmjs.org/engine.io/-/engine.io-3.5.0.tgz",
			"integrity": "sha512-21HlvPUKaitDGE4GXNtQ7PLP0Sz4aWLddMPw2VTyFz1FVZqu/kZsJUO8WNpKuE/OCL7nkfRaOui2ZCJloGznGA==",
			"requires": {
				"accepts": "~1.3.4",
				"base64id": "2.0.0",
				"cookie": "~0.4.1",
				"debug": "~4.1.0",
				"engine.io-parser": "~2.2.0",
				"ws": "~7.4.2"
			}
		},
		"engine.io-client": {
			"version": "3.5.0",
			"resolved": "https://registry.npmjs.org/engine.io-client/-/engine.io-client-3.5.0.tgz",
			"integrity": "sha512-12wPRfMrugVw/DNyJk34GQ5vIVArEcVMXWugQGGuw2XxUSztFNmJggZmv8IZlLyEdnpO1QB9LkcjeWewO2vxtA==",
			"requires": {
				"component-emitter": "~1.3.0",
				"component-inherit": "0.0.3",
				"debug": "~3.1.0",
				"engine.io-parser": "~2.2.0",
				"has-cors": "1.1.0",
				"indexof": "0.0.1",
				"parseqs": "0.0.6",
				"parseuri": "0.0.6",
				"ws": "~7.4.2",
				"xmlhttprequest-ssl": "~1.5.4",
				"yeast": "0.1.2"
			},
			"dependencies": {
				"debug": {
					"version": "3.1.0",
					"resolved": "https://registry.npmjs.org/debug/-/debug-3.1.0.tgz",
					"integrity": "sha512-OX8XqP7/1a9cqkxYw2yXss15f26NKWBpDXQd0/uK/KPqdQhxbPa994hnzjcE2VqQpDslf55723cKPUOGSmMY3g==",
					"requires": {
						"ms": "2.0.0"
					}
				},
				"ms": {
					"version": "2.0.0",
					"resolved": "https://registry.npmjs.org/ms/-/ms-2.0.0.tgz",
					"integrity": "sha1-VgiurfwAvmwpAd9fmGF4jeDVl8g="
				}
			}
		},
		"engine.io-parser": {
			"version": "2.2.1",
			"resolved": "https://registry.npmjs.org/engine.io-parser/-/engine.io-parser-2.2.1.tgz",
			"integrity": "sha512-x+dN/fBH8Ro8TFwJ+rkB2AmuVw9Yu2mockR/p3W8f8YtExwFgDvBDi0GWyb4ZLkpahtDGZgtr3zLovanJghPqg==",
			"requires": {
				"after": "0.8.2",
				"arraybuffer.slice": "~0.0.7",
				"base64-arraybuffer": "0.1.4",
				"blob": "0.0.5",
				"has-binary2": "~1.0.2"
			}
		},
		"fast-json-stable-stringify": {
			"version": "2.1.0",
			"resolved": "https://registry.npmjs.org/fast-json-stable-stringify/-/fast-json-stable-stringify-2.1.0.tgz",
			"integrity": "sha512-lhd/wF+Lk98HZoTCtlVraHtfh5XYijIjalXck7saUtuanSDyLMxnHhSXEDJqHxD7msR8D0uCmqlkwjCV8xvwHw=="
		},
		"has-binary2": {
			"version": "1.0.3",
			"resolved": "https://registry.npmjs.org/has-binary2/-/has-binary2-1.0.3.tgz",
			"integrity": "sha512-G1LWKhDSvhGeAQ8mPVQlqNcOB2sJdwATtZKl2pDKKHfpf/rYj24lkinxf69blJbnsvtqqNU+L3SL50vzZhXOnw==",
			"requires": {
				"isarray": "2.0.1"
			}
		},
		"has-cors": {
			"version": "1.1.0",
			"resolved": "https://registry.npmjs.org/has-cors/-/has-cors-1.1.0.tgz",
			"integrity": "sha1-XkdHk/fqmEPRu5nCPu9J/xJv/zk="
		},
		"hash.js": {
			"version": "1.1.7",
			"resolved": "https://registry.npmjs.org/hash.js/-/hash.js-1.1.7.tgz",
			"integrity": "sha512-taOaskGt4z4SOANNseOviYDvjEJinIkRgmp7LbKP2YTTmVxWBl87s/uzK9r+44BclBSp2X7K1hqeNfz9JbBeXA==",
			"requires": {
				"inherits": "^2.0.3",
				"minimalistic-assert": "^1.0.1"
			}
		},
		"indexof": {
			"version": "0.0.1",
			"resolved": "https://registry.npmjs.org/indexof/-/indexof-0.0.1.tgz",
			"integrity": "sha1-gtwzbSMrkGIXnQWrMpOmYFn9Q10="
		},
		"inherits": {
			"version": "2.0.4",
			"resolved": "https://registry.npmjs.org/inherits/-/inherits-2.0.4.tgz",
			"integrity": "sha512-k/vGaX4/Yla3WzyMCvTQOXYeIHvqOKtnqBduzTHpzpQZzAskKMhZ2K+EnBiSM9zGSoIFeMpXKxa4dYeZIQqewQ=="
		},
		"isarray": {
			"version": "2.0.1",
			"resolved": "https://registry.npmjs.org/isarray/-/isarray-2.0.1.tgz",
			"integrity": "sha1-o32U7ZzaLVmGXJ92/llu4fM4dB4="
		},
		"lodash": {
			"version": "4.17.19",
			"resolved": "https://registry.npmjs.org/lodash/-/lodash-4.17.19.tgz",
			"integrity": "sha512-JNvd8XER9GQX0v2qJgsaN/mzFCNA5BRe/j8JN9d+tWyGLSodKQHKFicdwNYzWwI3wjRnaKPsGj1XkBjx/F96DQ=="
		},
		"mime-db": {
			"version": "1.45.0",
			"resolved": "https://registry.npmjs.org/mime-db/-/mime-db-1.45.0.tgz",
			"integrity": "sha512-CkqLUxUk15hofLoLyljJSrukZi8mAtgd+yE5uO4tqRZsdsAJKv0O+rFMhVDRJgozy+yG6md5KwuXhD4ocIoP+w=="
		},
		"mime-types": {
			"version": "2.1.28",
			"resolved": "https://registry.npmjs.org/mime-types/-/mime-types-2.1.28.tgz",
			"integrity": "sha512-0TO2yJ5YHYr7M2zzT7gDU1tbwHxEUWBCLt0lscSNpcdAfFyJOVEpRYNS7EXVcTLNj/25QO8gulHC5JtTzSE2UQ==",
			"requires": {
				"mime-db": "1.45.0"
			}
		},
		"minimalistic-assert": {
			"version": "1.0.1",
			"resolved": "https://registry.npmjs.org/minimalistic-assert/-/minimalistic-assert-1.0.1.tgz",
			"integrity": "sha512-UtJcAD4yEaGtjPezWuO9wC4nwUnVH/8/Im3yEHQP4b67cXlD/Qr9hdITCU1xDbSEXg2XKNaP8jsReV7vQd00/A=="
		},
		"ms": {
			"version": "2.1.3",
			"resolved": "https://registry.npmjs.org/ms/-/ms-2.1.3.tgz",
			"integrity": "sha512-6FlzubTLZG3J2a/NVCAleEhjzq5oxgHyaCU9yYXvcLsvoVaHJq/s5xXI6/XXP6tz7R9xAOtHnSO/tXtF3WRTlA=="
		},
		"negotiator": {
			"version": "0.6.2",
			"resolved": "https://registry.npmjs.org/negotiator/-/negotiator-0.6.2.tgz",
			"integrity": "sha512-hZXc7K2e+PgeI1eDBe/10Ard4ekbfrrqG8Ep+8Jmf4JID2bNg7NvCPOZN+kfF574pFQI7mum2AUqDidoKqcTOw=="
		},
		"parseqs": {
			"version": "0.0.6",
			"resolved": "https://registry.npmjs.org/parseqs/-/parseqs-0.0.6.tgz",
			"integrity": "sha512-jeAGzMDbfSHHA091hr0r31eYfTig+29g3GKKE/PPbEQ65X0lmMwlEoqmhzu0iztID5uJpZsFlUPDP8ThPL7M8w=="
		},
		"parseuri": {
			"version": "0.0.6",
			"resolved": "https://registry.npmjs.org/parseuri/-/parseuri-0.0.6.tgz",
			"integrity": "sha512-AUjen8sAkGgao7UyCX6Ahv0gIK2fABKmYjvP4xmy5JaKvcbTRueIqIPHLAfq30xJddqSE033IOMUSOMCcK3Sow=="
		},
		"rxjs": {
			"version": "6.6.0",
			"resolved": "https://registry.npmjs.org/rxjs/-/rxjs-6.6.0.tgz",
			"integrity": "sha512-3HMA8z/Oz61DUHe+SdOiQyzIf4tOx5oQHmMir7IZEu6TMqCLHT4LRcmNaUS0NwOz8VLvmmBduMsoaUvMaIiqzg==",
			"requires": {
				"tslib": "^1.9.0"
			}
		},
		"safer-buffer": {
			"version": "2.1.2",
			"resolved": "https://registry.npmjs.org/safer-buffer/-/safer-buffer-2.1.2.tgz",
			"integrity": "sha512-YZo3K82SD7Riyi0E1EQPojLz7kpepnSQI9IyPbHHg1XXXevb5dJI7tpyN2ADxGcQbHG7vcyRHk0cbwqcQriUtg=="
		},
		"scrypt-js": {
			"version": "3.0.1",
			"resolved": "https://registry.npmjs.org/scrypt-js/-/scrypt-js-3.0.1.tgz",
			"integrity": "sha512-cdwTTnqPu0Hyvf5in5asVdZocVDTNRmR7XEcJuIzMjJeSHybHl7vpB66AzwTaIg6CLSbtjcxc8fqcySfnTkccA=="
		},
		"socket.io": {
			"version": "2.4.0",
			"resolved": "https://registry.npmjs.org/socket.io/-/socket.io-2.4.0.tgz",
			"integrity": "sha512-9UPJ1UTvKayuQfVv2IQ3k7tCQC/fboDyIK62i99dAQIyHKaBsNdTpwHLgKJ6guRWxRtC9H+138UwpaGuQO9uWQ==",
			"requires": {
				"debug": "~4.1.0",
				"engine.io": "~3.5.0",
				"has-binary2": "~1.0.2",
				"socket.io-adapter": "~1.1.0",
				"socket.io-client": "2.4.0",
				"socket.io-parser": "~3.4.0"
			}
		},
		"socket.io-adapter": {
			"version": "1.1.2",
			"resolved": "https://registry.npmjs.org/socket.io-adapter/-/socket.io-adapter-1.1.2.tgz",
			"integrity": "sha512-WzZRUj1kUjrTIrUKpZLEzFZ1OLj5FwLlAFQs9kuZJzJi5DKdU7FsWc36SNmA8iDOtwBQyT8FkrriRM8vXLYz8g=="
		},
		"socket.io-client": {
			"version": "2.4.0",
			"resolved": "https://registry.npmjs.org/socket.io-client/-/socket.io-client-2.4.0.tgz",
			"integrity": "sha512-M6xhnKQHuuZd4Ba9vltCLT9oa+YvTsP8j9NcEiLElfIg8KeYPyhWOes6x4t+LTAC8enQbE/995AdTem2uNyKKQ==",
			"requires": {
				"backo2": "1.0.2",
				"component-bind": "1.0.0",
				"component-emitter": "~1.3.0",
				"debug": "~3.1.0",
				"engine.io-client": "~3.5.0",
				"has-binary2": "~1.0.2",
				"indexof": "0.0.1",
				"parseqs": "0.0.6",
				"parseuri": "0.0.6",
				"socket.io-parser": "~3.3.0",
				"to-array": "0.1.4"
			},
			"dependencies": {
				"debug": {
					"version": "3.1.0",
					"resolved": "https://registry.npmjs.org/debug/-/debug-3.1.0.tgz",
					"integrity": "sha512-OX8XqP7/1a9cqkxYw2yXss15f26NKWBpDXQd0/uK/KPqdQhxbPa994hnzjcE2VqQpDslf55723cKPUOGSmMY3g==",
					"requires": {
						"ms": "2.0.0"
					}
				},
				"ms": {
					"version": "2.0.0",
					"resolved": "https://registry.npmjs.org/ms/-/ms-2.0.0.tgz",
					"integrity": "sha1-VgiurfwAvmwpAd9fmGF4jeDVl8g="
				},
				"socket.io-parser": {
					"version": "3.3.2",
					"resolved": "https://registry.npmjs.org/socket.io-parser/-/socket.io-parser-3.3.2.tgz",
					"integrity": "sha512-FJvDBuOALxdCI9qwRrO/Rfp9yfndRtc1jSgVgV8FDraihmSP/MLGD5PEuJrNfjALvcQ+vMDM/33AWOYP/JSjDg==",
					"requires": {
						"component-emitter": "~1.3.0",
						"debug": "~3.1.0",
						"isarray": "2.0.1"
					}
				}
			}
		},
		"socket.io-parser": {
			"version": "3.4.1",
			"resolved": "https://registry.npmjs.org/socket.io-parser/-/socket.io-parser-3.4.1.tgz",
			"integrity": "sha512-11hMgzL+WCLWf1uFtHSNvliI++tcRUWdoeYuwIl+Axvwy9z2gQM+7nJyN3STj1tLj5JyIUH8/gpDGxzAlDdi0A==",
			"requires": {
				"component-emitter": "1.2.1",
				"debug": "~4.1.0",
				"isarray": "2.0.1"
			},
			"dependencies": {
				"component-emitter": {
					"version": "1.2.1",
					"resolved": "https://registry.npmjs.org/component-emitter/-/component-emitter-1.2.1.tgz",
					"integrity": "sha1-E3kY1teCg/ffemt8WmPhQOaUJeY="
				}
			}
		},
		"to-array": {
			"version": "0.1.4",
			"resolved": "https://registry.npmjs.org/to-array/-/to-array-0.1.4.tgz",
			"integrity": "sha1-F+bBH3PdTz10zaek/zI46a2b+JA="
		},
		"tslib": {
			"version": "1.13.0",
			"resolved": "https://registry.npmjs.org/tslib/-/tslib-1.13.0.tgz",
			"integrity": "sha512-i/6DQjL8Xf3be4K/E6Wgpekn5Qasl1usyw++dAA35Ue5orEn65VIxOA+YvNNl9HV3qv70T7CNwjODHZrLwvd1Q=="
		},
		"tweetnacl": {
			"version": "1.0.3",
			"resolved": "https://registry.npmjs.org/tweetnacl/-/tweetnacl-1.0.3.tgz",
			"integrity": "sha512-6rt+RN7aOi1nGMyC4Xa5DdYiukl2UWCbcJft7YhxReBGQD7OAM8Pbxw6YMo4r2diNEA8FEmu32YOn9rhaiE5yw=="
		},
		"ws": {
			"version": "7.4.2",
			"resolved": "https://registry.npmjs.org/ws/-/ws-7.4.2.tgz",
			"integrity": "sha512-T4tewALS3+qsrpGI/8dqNMLIVdq/g/85U98HPMa6F0m6xTbvhXU6RCQLqPH3+SlomNV/LdY6RXEbBpMH6EOJnA=="
		},
		"xmlhttprequest-ssl": {
			"version": "1.5.5",
			"resolved": "https://registry.npmjs.org/xmlhttprequest-ssl/-/xmlhttprequest-ssl-1.5.5.tgz",
			"integrity": "sha1-wodrBhaKrcQOV9l+gRkayPQ5iz4="
		},
		"yeast": {
			"version": "0.1.2",
			"resolved": "https://registry.npmjs.org/yeast/-/yeast-0.1.2.tgz",
			"integrity": "sha1-AI4G2AlDIMNy28L47XagymyKxBk="
		}
	}
}
