{
    "version": 4,
    "terraform_version": "1.10.6",
    "serial": 3,
    "lineage": "5343ab8b-8faa-a8bf-6df1-04e14265a28a",
    "outputs": {},
    "resources": [
        {
            "mode": "managed",
            "type": "kubernetes_namespace",
            "name": "dev",
            "provider": "provider[\"registry.opentofu.org/hashicorp/kubernetes\"]",
            "instances": [
                {
                    "schema_version": 0,
                    "attributes": {
                        "id": "casualos-dev",
                        "metadata": [
                            {
                                "annotations": {},
                                "generate_name": "",
                                "generation": 0,
                                "labels": {},
                                "name": "casualos-dev",
                                "resource_version": "23702",
                                "uid": "60003d99-d1d7-4fbf-801a-c6baed70a06a"
                            }
                        ],
                        "timeouts": null,
                        "wait_for_default_service_account": false
                    },
                    "sensitive_attributes": [],
                    "private": "eyJlMmJmYjczMC1lY2FhLTExZTYtOGY4OC0zNDM2M2JjN2M0YzAiOnsiZGVsZXRlIjozMDAwMDAwMDAwMDB9fQ=="
                }
            ]
        },
        {
            "mode": "managed",
            "type": "kubernetes_pod",
            "name": "minio",
            "provider": "provider[\"registry.opentofu.org/hashicorp/kubernetes\"]",
            "instances": [
                {
                    "schema_version": 1,
                    "attributes": {
                        "id": "casualos-dev/minio-pod",
                        "metadata": [
                            {
                                "annotations": {},
                                "generate_name": "",
                                "generation": 0,
                                "labels": { "app": "minio" },
                                "name": "minio-pod",
                                "namespace": "casualos-dev",
                                "resource_version": "24105",
                                "uid": "293345dc-5246-4300-9909-bb7fd3cee071"
                            }
                        ],
                        "spec": [
                            {
                                "active_deadline_seconds": 0,
                                "affinity": [],
                                "automount_service_account_token": true,
                                "container": [
                                    {
                                        "args": [],
                                        "command": [
                                            "minio",
                                            "server",
                                            "--console-address",
                                            ":9001"
                                        ],
                                        "env": [
                                            {
                                                "name": "MINIO_ROOT_USER",
                                                "value": "minioadmin\r",
                                                "value_from": []
                                            },
                                            {
                                                "name": "MINIO_ROOT_PASSWORD",
                                                "value": "minioadmin\r",
                                                "value_from": []
                                            },
                                            {
                                                "name": "MINIO_VOLUMES",
                                                "value": "\"/mnt/data\"\r",
                                                "value_from": []
                                            },
                                            {
                                                "name": "MINIO_OPTS",
                                                "value": "\"--console-address :9001\"",
                                                "value_from": []
                                            }
                                        ],
                                        "env_from": [],
                                        "image": "minio/minio:latest",
                                        "image_pull_policy": "Always",
                                        "lifecycle": [],
                                        "liveness_probe": [],
                                        "name": "minio",
                                        "port": [
                                            {
                                                "container_port": 9000,
                                                "host_ip": "",
                                                "host_port": 9000,
                                                "name": "",
                                                "protocol": "TCP"
                                            },
                                            {
                                                "container_port": 9001,
                                                "host_ip": "",
                                                "host_port": 9001,
                                                "name": "",
                                                "protocol": "TCP"
                                            }
                                        ],
                                        "readiness_probe": [],
                                        "resources": [
                                            { "limits": {}, "requests": {} }
                                        ],
                                        "security_context": [],
                                        "startup_probe": [],
                                        "stdin": false,
                                        "stdin_once": false,
                                        "termination_message_path": "/dev/termination-log",
                                        "termination_message_policy": "File",
                                        "tty": false,
                                        "volume_device": [],
                                        "volume_mount": [
                                            {
                                                "mount_path": "/mnt/data",
                                                "mount_propagation": "None",
                                                "name": "minio-data",
                                                "read_only": false,
                                                "sub_path": "",
                                                "sub_path_expr": ""
                                            }
                                        ],
                                        "working_dir": ""
                                    }
                                ],
                                "dns_config": [],
                                "dns_policy": "ClusterFirst",
                                "enable_service_links": true,
                                "host_aliases": [],
                                "host_ipc": false,
                                "host_network": false,
                                "host_pid": false,
                                "hostname": "",
                                "image_pull_secrets": [],
                                "init_container": [],
                                "node_name": "microk8s-vm",
                                "node_selector": {},
                                "os": [],
                                "priority_class_name": "",
                                "readiness_gate": [],
                                "restart_policy": "Always",
                                "runtime_class_name": "",
                                "scheduler_name": "default-scheduler",
                                "security_context": [],
                                "service_account_name": "default",
                                "share_process_namespace": false,
                                "subdomain": "",
                                "termination_grace_period_seconds": 30,
                                "toleration": [],
                                "topology_spread_constraint": [],
                                "volume": [
                                    {
                                        "aws_elastic_block_store": [],
                                        "azure_disk": [],
                                        "azure_file": [],
                                        "ceph_fs": [],
                                        "cinder": [],
                                        "config_map": [],
                                        "csi": [],
                                        "downward_api": [],
                                        "empty_dir": [],
                                        "ephemeral": [],
                                        "fc": [],
                                        "flex_volume": [],
                                        "flocker": [],
                                        "gce_persistent_disk": [],
                                        "git_repo": [],
                                        "glusterfs": [],
                                        "host_path": [
                                            {
                                                "path": "/mnt/minio-data",
                                                "type": "DirectoryOrCreate"
                                            }
                                        ],
                                        "iscsi": [],
                                        "local": [],
                                        "name": "minio-data",
                                        "nfs": [],
                                        "persistent_volume_claim": [],
                                        "photon_persistent_disk": [],
                                        "projected": [],
                                        "quobyte": [],
                                        "rbd": [],
                                        "secret": [],
                                        "vsphere_volume": []
                                    }
                                ]
                            }
                        ],
                        "target_state": null,
                        "timeouts": null
                    },
                    "sensitive_attributes": [],
                    "private": "eyJlMmJmYjczMC1lY2FhLTExZTYtOGY4OC0zNDM2M2JjN2M0YzAiOnsiY3JlYXRlIjozMDAwMDAwMDAwMDAsImRlbGV0ZSI6MzAwMDAwMDAwMDAwfSwic2NoZW1hX3ZlcnNpb24iOiIxIn0=",
                    "dependencies": ["kubernetes_namespace.dev"]
                }
            ]
        }
    ],
    "check_results": null
}
