{
    "name": "@casual-simulation/aux-common",
    "version": "1.4.8",
    "lockfileVersion": 1,
    "requires": true,
    "dependencies": {
        "@casual-simulation/three": {
            "version": "0.125.3",
            "resolved": "https://registry.npmjs.org/@casual-simulation/three/-/three-0.125.3.tgz",
            "integrity": "sha512-0zPQcSe7VKjN93m6WWtN2DRlfAouQbUKGu8gO6xtkZe8deSUCO4iVLCdD88tp9ZVxWwROUjQmL/U2fkTLlrn/w=="
        }
    }
}
