{
    "name": "@casual-simulation/aux-common",
    "version": "1.3.2-alpha.11",
    "lockfileVersion": 1,
    "requires": true,
    "dependencies": {
        "@casual-simulation/causal-trees": {
            "version": "1.1.18",
            "resolved": "https://registry.npmjs.org/@casual-simulation/causal-trees/-/causal-trees-1.1.18.tgz",
            "integrity": "sha512-rns7gb4jGuQqg8aOn9oRvvjncB777f2m/0LZnEBzD7cdLmkHMdcy3SG4FKv0PzVEw7UYPmeW5L5JFlh/+mNQQg==",
            "requires": {
                "@casual-simulation/crypto": "^1.0.24",
                "@types/base64-js": "^1.2.5",
                "@types/lodash": "^4.14.123",
                "base64-js": "^1.3.0",
                "lodash": "^4.17.14",
                "rxjs": "^6.5.2"
            }
        },
        "@casual-simulation/crypto": {
            "version": "1.0.24",
            "resolved": "https://registry.npmjs.org/@casual-simulation/crypto/-/crypto-1.0.24.tgz",
            "integrity": "sha512-XBITILxC9kK81M++QRtyCV9Z48nHgJHnayLmsmNnjvR5DCsZUhbadWmGk7I7WlghN8og4U113vvIsjThWnwN8w==",
            "requires": {
                "@types/fast-json-stable-stringify": "^2.0.0",
                "base64-js": "^1.3.0",
                "fast-json-stable-stringify": "^2.0.0",
                "hash.js": "1.1.7"
            }
        },
        "@types/acorn": {
            "version": "4.0.5",
            "resolved": "https://registry.npmjs.org/@types/acorn/-/acorn-4.0.5.tgz",
            "integrity": "sha512-603sPiZ4GVRHPvn6vNgEAvJewKsy+zwRWYS2MeIMemgoAtcjlw2G3lALxrb9OPA17J28bkB71R33yXlQbUatCA==",
            "requires": {
                "@types/estree": "*"
            }
        },
        "@types/astring": {
            "version": "1.3.0",
            "resolved": "https://registry.npmjs.org/@types/astring/-/astring-1.3.0.tgz",
            "integrity": "sha512-PYUIKAlUl95QIoWrvTW1aj5YJoiBLukCixTBKkVMq17BbkcX4I6Yn7lkltzsM3fXByV4l2x4tJGYhHqyYnhH4A==",
            "requires": {
                "@types/estree": "*",
                "@types/node": "*"
            }
        },
        "@types/base64-js": {
            "version": "1.3.0",
            "resolved": "https://registry.npmjs.org/@types/base64-js/-/base64-js-1.3.0.tgz",
            "integrity": "sha512-ZmI0sZGAUNXUfMWboWwi4LcfpoVUYldyN6Oe0oJ5cCsHDU/LlRq8nQKPXhYLOx36QYSW9bNIb1vvRrD6K7Llgw=="
        },
        "@types/estraverse": {
            "version": "0.0.6",
            "resolved": "https://registry.npmjs.org/@types/estraverse/-/estraverse-0.0.6.tgz",
            "integrity": "sha1-Zp9833KreX5hJfjQD+0z1M8wwiE=",
            "requires": {
                "@types/estree": "*"
            },
            "dependencies": {
                "@types/estree": {
                    "version": "0.0.39",
                    "resolved": "https://registry.npmjs.org/@types/estree/-/estree-0.0.39.tgz",
                    "integrity": "sha512-EYNwp3bU+98cpU4lAWYYL7Zz+2gryWH1qbdDTidVd6hkiR6weksdbMadyXKXNPEkQFhXM+hVO9ZygomHXp+AIw=="
                }
            }
        },
        "@types/estree": {
            "version": "0.0.39",
            "resolved": "https://registry.npmjs.org/@types/estree/-/estree-0.0.39.tgz",
            "integrity": "sha512-EYNwp3bU+98cpU4lAWYYL7Zz+2gryWH1qbdDTidVd6hkiR6weksdbMadyXKXNPEkQFhXM+hVO9ZygomHXp+AIw=="
        },
        "@types/fast-json-stable-stringify": {
            "version": "2.0.0",
            "resolved": "https://registry.npmjs.org/@types/fast-json-stable-stringify/-/fast-json-stable-stringify-2.0.0.tgz",
            "integrity": "sha512-mky/O83TXmGY39P1H9YbUpjV6l6voRYlufqfFCvel8l1phuy8HRjdWc1rrPuN53ITBJlbyMSV6z3niOySO5pgQ=="
        },
        "@types/lodash": {
            "version": "4.14.157",
            "resolved": "https://registry.npmjs.org/@types/lodash/-/lodash-4.14.157.tgz",
            "integrity": "sha512-Ft5BNFmv2pHDgxV5JDsndOWTRJ+56zte0ZpYLowp03tW+K+t8u8YMOzAnpuqPgzX6WO1XpDIUm7u04M8vdDiVQ=="
        },
        "@types/node": {
            "version": "11.9.5",
            "resolved": "https://registry.npmjs.org/@types/node/-/node-11.9.5.tgz",
            "integrity": "sha512-vVjM0SVzgaOUpflq4GYBvCpozes8OgIIS5gVXVka+OfK3hvnkC1i93U8WiY2OtNE4XUWyyy/86Kf6e0IHTQw1Q=="
        },
        "@types/uuid": {
            "version": "3.4.4",
            "resolved": "https://registry.npmjs.org/@types/uuid/-/uuid-3.4.4.tgz",
            "integrity": "sha512-tPIgT0GUmdJQNSHxp0X2jnpQfBSTfGxUMc/2CXBU2mnyTFVYVa2ojpoQ74w0U2yn2vw3jnC640+77lkFFpdVDw==",
            "requires": {
                "@types/node": "*"
            }
        },
        "acorn": {
            "version": "6.4.1",
            "resolved": "https://registry.npmjs.org/acorn/-/acorn-6.4.1.tgz",
            "integrity": "sha512-ZVA9k326Nwrj3Cj9jlh3wGFutC2ZornPNARZwsNYqQYgN0EsV2d53w5RN/co65Ohn4sUAUtb1rSUAOD6XN9idA=="
        },
        "astring": {
            "version": "1.3.1",
            "resolved": "https://registry.npmjs.org/astring/-/astring-1.3.1.tgz",
            "integrity": "sha512-kMDFc68yAKWQVBC5PhWsnvKtNaQew1XTuYLFjcZFfGys3yl9A+vOcgo3w1VMr8XgK0aYfClg4g0ifDF5lftJNg=="
        },
        "base64-js": {
            "version": "1.3.1",
            "resolved": "https://registry.npmjs.org/base64-js/-/base64-js-1.3.1.tgz",
            "integrity": "sha512-mLQ4i2QO1ytvGWFWmcngKO//JXAQueZvwEKtjgQFM4jIK0kU+ytMfplL8j+n5mspOfjHwoAg+9yhb7BwAHm36g=="
        },
        "benchmark": {
            "version": "2.1.4",
            "resolved": "https://registry.npmjs.org/benchmark/-/benchmark-2.1.4.tgz",
            "integrity": "sha1-CfPeMckWQl1JjMLuVloOvzwqVik=",
            "dev": true,
            "requires": {
                "lodash": "^4.17.4",
                "platform": "^1.3.3"
            }
        },
        "estraverse": {
            "version": "4.2.0",
            "resolved": "https://registry.npmjs.org/estraverse/-/estraverse-4.2.0.tgz",
            "integrity": "sha1-De4/7TH81GlhjOc0IJn8GvoL2xM="
        },
        "fast-json-stable-stringify": {
            "version": "2.1.0",
            "resolved": "https://registry.npmjs.org/fast-json-stable-stringify/-/fast-json-stable-stringify-2.1.0.tgz",
            "integrity": "sha512-lhd/wF+Lk98HZoTCtlVraHtfh5XYijIjalXck7saUtuanSDyLMxnHhSXEDJqHxD7msR8D0uCmqlkwjCV8xvwHw=="
        },
        "hash.js": {
            "version": "1.1.7",
            "resolved": "https://registry.npmjs.org/hash.js/-/hash.js-1.1.7.tgz",
            "integrity": "sha512-taOaskGt4z4SOANNseOviYDvjEJinIkRgmp7LbKP2YTTmVxWBl87s/uzK9r+44BclBSp2X7K1hqeNfz9JbBeXA==",
            "requires": {
                "inherits": "^2.0.3",
                "minimalistic-assert": "^1.0.1"
            }
        },
        "inherits": {
            "version": "2.0.4",
            "resolved": "https://registry.npmjs.org/inherits/-/inherits-2.0.4.tgz",
            "integrity": "sha512-k/vGaX4/Yla3WzyMCvTQOXYeIHvqOKtnqBduzTHpzpQZzAskKMhZ2K+EnBiSM9zGSoIFeMpXKxa4dYeZIQqewQ=="
        },
        "lodash": {
            "version": "4.17.19",
            "resolved": "https://registry.npmjs.org/lodash/-/lodash-4.17.19.tgz",
            "integrity": "sha512-JNvd8XER9GQX0v2qJgsaN/mzFCNA5BRe/j8JN9d+tWyGLSodKQHKFicdwNYzWwI3wjRnaKPsGj1XkBjx/F96DQ=="
        },
        "lru-cache": {
            "version": "5.1.1",
            "resolved": "https://registry.npmjs.org/lru-cache/-/lru-cache-5.1.1.tgz",
            "integrity": "sha512-KpNARQA3Iwv+jTA0utUVVbrh+Jlrr1Fv0e56GGzAFOXN7dk/FviaDW8LHmK52DlcH4WP2n6gI8vN1aesBFgo9w==",
            "requires": {
                "yallist": "^3.0.2"
            }
        },
        "minimalistic-assert": {
            "version": "1.0.1",
            "resolved": "https://registry.npmjs.org/minimalistic-assert/-/minimalistic-assert-1.0.1.tgz",
            "integrity": "sha512-UtJcAD4yEaGtjPezWuO9wC4nwUnVH/8/Im3yEHQP4b67cXlD/Qr9hdITCU1xDbSEXg2XKNaP8jsReV7vQd00/A=="
        },
        "platform": {
            "version": "1.3.5",
            "resolved": "https://registry.npmjs.org/platform/-/platform-1.3.5.tgz",
            "integrity": "sha512-TuvHS8AOIZNAlE77WUDiR4rySV/VMptyMfcfeoMgs4P8apaZM3JrnbzBiixKUv+XR6i+BXrQh8WAnjaSPFO65Q==",
            "dev": true
        },
        "rxjs": {
            "version": "6.5.4",
            "resolved": "https://registry.npmjs.org/rxjs/-/rxjs-6.5.4.tgz",
            "integrity": "sha512-naMQXcgEo3csAEGvw/NydRA0fuS2nDZJiw1YUWFKU7aPPAPGZEsD4Iimit96qwCieH6y614MCLYwdkrWx7z/7Q==",
            "requires": {
                "tslib": "^1.9.0"
            }
        },
        "tslib": {
            "version": "1.11.1",
            "resolved": "https://registry.npmjs.org/tslib/-/tslib-1.11.1.tgz",
            "integrity": "sha512-aZW88SY8kQbU7gpV19lN24LtXh/yD4ZZg6qieAJDDg+YBsJcSmLGK9QpnUjAKVG/xefmvJGd1WUmfpT/g6AJGA=="
        },
        "uuid": {
            "version": "3.3.2",
            "resolved": "https://registry.npmjs.org/uuid/-/uuid-3.3.2.tgz",
            "integrity": "sha512-yXJmeNaw3DnnKAOKJE51sL/ZaYfWJRl1pK9dr19YFCu0ObS231AB1/LbqTKRAQ5kw8A90rA6fr4riOUpTZvQZA=="
        },
        "yallist": {
            "version": "3.0.3",
            "resolved": "https://registry.npmjs.org/yallist/-/yallist-3.0.3.tgz",
            "integrity": "sha512-S+Zk8DEWE6oKpV+vI3qWkaK+jSbIK86pCwe2IF/xwIpQ8jEuxpw9NyaGjmp9+BoJv5FV2piqCDcoCtStppiq2A=="
        },
        "zone.js": {
            "version": "0.10.3",
            "resolved": "https://registry.npmjs.org/zone.js/-/zone.js-0.10.3.tgz",
            "integrity": "sha512-LXVLVEq0NNOqK/fLJo3d0kfzd4sxwn2/h67/02pjCjfKDxgx1i9QqpvtHD8CrBnSSwMw5+dy11O7FRX5mkO7Cg=="
        }
    }
}
