{
    "name": "@casual-simulation/casual-apiary-aws",
    "version": "3.1.17-alpha.3768131123",
    "lockfileVersion": 2,
    "requires": true,
    "packages": {
        "": {
            "name": "@casual-simulation/casual-apiary-aws",
            "version": "3.1.17-alpha.3768131123",
            "license": "MIT",
            "dependencies": {
                "axios": "0.25.0",
                "base64-js": "^1.5.1",
                "lodash": "4.17.21",
                "redis": "3.1.2",
                "rxjs": "7.5.7"
            }
        },
        "node_modules/axios": {
            "version": "0.21.0",
            "resolved": "https://registry.npmjs.org/axios/-/axios-0.21.0.tgz",
            "integrity": "sha512-fmkJBknJKoZwem3/IKSSLpkdNXZeBu5Q7GA/aRsr2btgrptmSCxi2oFjZHqGdK9DoTil9PIHlPIZw2EcRJXRvw==",
            "deprecated": "Critical security vulnerability fixed in v0.21.1. For more information, see https://github.com/axios/axios/pull/3410",
            "dependencies": {
                "follow-redirects": "^1.10.0"
            }
        },
        "node_modules/axios/node_modules/follow-redirects": {
            "version": "1.15.2",
            "resolved": "https://registry.npmjs.org/follow-redirects/-/follow-redirects-1.15.2.tgz",
            "integrity": "sha512-VQLG33o04KaQ8uYi2tVNbdrWp1QWxNNea+nmIB4EVM28v0hmP17z7aG1+wAkNzVq4KeXTq3221ye5qTJP91JwA==",
            "funding": [
                {
                    "type": "individual",
                    "url": "https://github.com/sponsors/RubenVerborgh"
                }
            ],
            "engines": {
                "node": ">=4.0"
            },
            "peerDependenciesMeta": {
                "debug": {
                    "optional": true
                }
            }
        },
        "node_modules/base64-js": {
            "version": "1.5.1",
            "resolved": "https://registry.npmjs.org/base64-js/-/base64-js-1.5.1.tgz",
            "integrity": "sha512-AKpaYlHn8t4SVbOHCy+b5+KKgvR4vrsD8vbvrbiQJps7fKDTkjkDry6ji0rUJjC0kzbNePLwzxq8iypo41qeWA==",
            "funding": [
                {
                    "type": "github",
                    "url": "https://github.com/sponsors/feross"
                },
                {
                    "type": "patreon",
                    "url": "https://www.patreon.com/feross"
                },
                {
                    "type": "consulting",
                    "url": "https://feross.org/support"
                }
            ]
        },
        "node_modules/lodash": {
            "version": "4.17.20",
            "resolved": "https://registry.npmjs.org/lodash/-/lodash-4.17.20.tgz",
            "integrity": "sha512-PlhdFcillOINfeV7Ni6oF1TAEayyZBoZ8bcshTHqOYJYlrqzRK5hagpagky5o4HfCzzd1TRkXPMFq6cKk9rGmA=="
        },
        "node_modules/redis": {
            "version": "3.0.2",
            "resolved": "https://registry.npmjs.org/redis/-/redis-3.0.2.tgz",
            "integrity": "sha512-PNhLCrjU6vKVuMOyFu7oSP296mwBkcE6lrAjruBYG5LgdSqtRBoVQIylrMyVZD/lkF24RSNNatzvYag6HRBHjQ==",
            "dependencies": {
                "denque": "^1.4.1",
                "redis-commands": "^1.5.0",
                "redis-errors": "^1.2.0",
                "redis-parser": "^3.0.0"
            },
            "engines": {
                "node": ">=6"
            },
            "funding": {
                "type": "opencollective",
                "url": "https://opencollective.com/node-redis"
            }
        },
        "node_modules/redis/node_modules/denque": {
            "version": "1.5.1",
            "resolved": "https://registry.npmjs.org/denque/-/denque-1.5.1.tgz",
            "integrity": "sha512-XwE+iZ4D6ZUB7mfYRMb5wByE8L74HCn30FBN7sWnXksWc1LO1bPDl67pBR9o/kC4z/xSNAwkMYcGgqDV3BE3Hw==",
            "engines": {
                "node": ">=0.10"
            }
        },
        "node_modules/redis/node_modules/redis-commands": {
            "version": "1.7.0",
            "resolved": "https://registry.npmjs.org/redis-commands/-/redis-commands-1.7.0.tgz",
            "integrity": "sha512-nJWqw3bTFy21hX/CPKHth6sfhZbdiHP6bTawSgQBlKOVRG7EZkfHbbHwQJnrE4vsQf0CMNE+3gJ4Fmm16vdVlQ=="
        },
        "node_modules/redis/node_modules/redis-errors": {
            "version": "1.2.0",
            "resolved": "https://registry.npmjs.org/redis-errors/-/redis-errors-1.2.0.tgz",
            "integrity": "sha512-1qny3OExCf0UvUV/5wpYKf2YwPcOqXzkwKKSmKHiE6ZMQs5heeE/c8eXK+PNllPvmjgAbfnsbpkGZWy8cBpn9w==",
            "engines": {
                "node": ">=4"
            }
        },
        "node_modules/redis/node_modules/redis-parser": {
            "version": "3.0.0",
            "resolved": "https://registry.npmjs.org/redis-parser/-/redis-parser-3.0.0.tgz",
            "integrity": "sha512-DJnGAeenTdpMEH6uAJRK/uiyEIH9WVsUmoLwzudwGJUwZPp80PDBWPHXSAGNPwNvIXAbe7MSUB1zQFugFml66A==",
            "dependencies": {
                "redis-errors": "^1.0.0"
            },
            "engines": {
                "node": ">=4"
            }
        },
        "node_modules/rxjs": {
            "version": "6.6.3",
            "resolved": "https://registry.npmjs.org/rxjs/-/rxjs-6.6.3.tgz",
            "integrity": "sha512-trsQc+xYYXZ3urjOiJOuCOa5N3jAZ3eiSpQB5hIT8zGlL2QfnHLJ2r7GMkBGuIausdJN1OneaI6gQlsqNHHmZQ==",
            "dependencies": {
                "tslib": "^1.9.0"
            },
            "engines": {
                "npm": ">=2.0.0"
            }
        },
        "node_modules/rxjs/node_modules/tslib": {
            "version": "1.14.1",
            "resolved": "https://registry.npmjs.org/tslib/-/tslib-1.14.1.tgz",
            "integrity": "sha512-Xni35NKzjgMrwevysHTCArtLDpPvye8zV/0E4EyYn43P7/7qvQwPh9BGkHewbMulVntbigmcT7rdX3BNo9wRJg=="
        }
    },
    "dependencies": {
        "axios": {
            "version": "0.21.0",
            "resolved": "https://registry.npmjs.org/axios/-/axios-0.21.0.tgz",
            "integrity": "sha512-fmkJBknJKoZwem3/IKSSLpkdNXZeBu5Q7GA/aRsr2btgrptmSCxi2oFjZHqGdK9DoTil9PIHlPIZw2EcRJXRvw==",
            "requires": {
                "follow-redirects": "^1.10.0"
            },
            "dependencies": {
                "follow-redirects": {
                    "version": "1.15.2",
                    "resolved": "https://registry.npmjs.org/follow-redirects/-/follow-redirects-1.15.2.tgz",
                    "integrity": "sha512-VQLG33o04KaQ8uYi2tVNbdrWp1QWxNNea+nmIB4EVM28v0hmP17z7aG1+wAkNzVq4KeXTq3221ye5qTJP91JwA=="
                }
            }
        },
        "base64-js": {
            "version": "1.5.1",
            "resolved": "https://registry.npmjs.org/base64-js/-/base64-js-1.5.1.tgz",
            "integrity": "sha512-AKpaYlHn8t4SVbOHCy+b5+KKgvR4vrsD8vbvrbiQJps7fKDTkjkDry6ji0rUJjC0kzbNePLwzxq8iypo41qeWA=="
        },
        "lodash": {
            "version": "4.17.20",
            "resolved": "https://registry.npmjs.org/lodash/-/lodash-4.17.20.tgz",
            "integrity": "sha512-PlhdFcillOINfeV7Ni6oF1TAEayyZBoZ8bcshTHqOYJYlrqzRK5hagpagky5o4HfCzzd1TRkXPMFq6cKk9rGmA=="
        },
        "redis": {
            "version": "3.0.2",
            "resolved": "https://registry.npmjs.org/redis/-/redis-3.0.2.tgz",
            "integrity": "sha512-PNhLCrjU6vKVuMOyFu7oSP296mwBkcE6lrAjruBYG5LgdSqtRBoVQIylrMyVZD/lkF24RSNNatzvYag6HRBHjQ==",
            "requires": {
                "denque": "^1.4.1",
                "redis-commands": "^1.5.0",
                "redis-errors": "^1.2.0",
                "redis-parser": "^3.0.0"
            },
            "dependencies": {
                "denque": {
                    "version": "1.5.1",
                    "resolved": "https://registry.npmjs.org/denque/-/denque-1.5.1.tgz",
                    "integrity": "sha512-XwE+iZ4D6ZUB7mfYRMb5wByE8L74HCn30FBN7sWnXksWc1LO1bPDl67pBR9o/kC4z/xSNAwkMYcGgqDV3BE3Hw=="
                },
                "redis-commands": {
                    "version": "1.7.0",
                    "resolved": "https://registry.npmjs.org/redis-commands/-/redis-commands-1.7.0.tgz",
                    "integrity": "sha512-nJWqw3bTFy21hX/CPKHth6sfhZbdiHP6bTawSgQBlKOVRG7EZkfHbbHwQJnrE4vsQf0CMNE+3gJ4Fmm16vdVlQ=="
                },
                "redis-errors": {
                    "version": "1.2.0",
                    "resolved": "https://registry.npmjs.org/redis-errors/-/redis-errors-1.2.0.tgz",
                    "integrity": "sha512-1qny3OExCf0UvUV/5wpYKf2YwPcOqXzkwKKSmKHiE6ZMQs5heeE/c8eXK+PNllPvmjgAbfnsbpkGZWy8cBpn9w=="
                },
                "redis-parser": {
                    "version": "3.0.0",
                    "resolved": "https://registry.npmjs.org/redis-parser/-/redis-parser-3.0.0.tgz",
                    "integrity": "sha512-DJnGAeenTdpMEH6uAJRK/uiyEIH9WVsUmoLwzudwGJUwZPp80PDBWPHXSAGNPwNvIXAbe7MSUB1zQFugFml66A==",
                    "requires": {
                        "redis-errors": "^1.0.0"
                    }
                }
            }
        },
        "rxjs": {
            "version": "6.6.3",
            "resolved": "https://registry.npmjs.org/rxjs/-/rxjs-6.6.3.tgz",
            "integrity": "sha512-trsQc+xYYXZ3urjOiJOuCOa5N3jAZ3eiSpQB5hIT8zGlL2QfnHLJ2r7GMkBGuIausdJN1OneaI6gQlsqNHHmZQ==",
            "requires": {
                "tslib": "^1.9.0"
            },
            "dependencies": {
                "tslib": {
                    "version": "1.14.1",
                    "resolved": "https://registry.npmjs.org/tslib/-/tslib-1.14.1.tgz",
                    "integrity": "sha512-Xni35NKzjgMrwevysHTCArtLDpPvye8zV/0E4EyYn43P7/7qvQwPh9BGkHewbMulVntbigmcT7rdX3BNo9wRJg=="
                }
            }
        }
    }
}
